
Microsoft Visual Studio Solution File, Format Version 12.00
# Visual Studio 15
VisualStudioVersion = 15.0.26124.0
MinimumVisualStudioVersion = 15.0.26124.0
Project("{F2A71F9B-5D33-465A-A702-920D77279786}") = "Core", "Core\Core.fsproj", "{ABECEC95-CE52-4171-BEC5-F77F4A81809B}"
EndProject
Project("{F2A71F9B-5D33-465A-A702-920D77279786}") = "Tests", "Tests\Tests.fsproj", "{2CBDA5EA-67B8-4FB9-B4E8-17B1D5A80A3A}"
EndProject
Project("{F2A71F9B-5D33-465A-A702-920D77279786}") = "Console", "Console\Console.fsproj", "{D0FB684E-3D31-40C3-8511-893AAC52B3DD}"
EndProject
Global
	GlobalSection(SolutionConfigurationPlatforms) = preSolution
		Debug|Any CPU = Debug|Any CPU
		Debug|x64 = Debug|x64
		Debug|x86 = Debug|x86
		Release|Any CPU = Release|Any CPU
		Release|x64 = Release|x64
		Release|x86 = Release|x86
	EndGlobalSection
	GlobalSection(SolutionProperties) = preSolution
		HideSolutionNode = FALSE
	EndGlobalSection
	GlobalSection(ProjectConfigurationPlatforms) = postSolution
		{ABECEC95-CE52-4171-BEC5-F77F4A81809B}.Debug|Any CPU.ActiveCfg = Debug|Any CPU
		{ABECEC95-CE52-4171-BEC5-F77F4A81809B}.Debug|Any CPU.Build.0 = Debug|Any CPU
		{ABECEC95-CE52-4171-BEC5-F77F4A81809B}.Debug|x64.ActiveCfg = Debug|Any CPU
		{ABECEC95-CE52-4171-BEC5-F77F4A81809B}.Debug|x64.Build.0 = Debug|Any CPU
		{ABECEC95-CE52-4171-BEC5-F77F4A81809B}.Debug|x86.ActiveCfg = Debug|Any CPU
		{ABECEC95-CE52-4171-BEC5-F77F4A81809B}.Debug|x86.Build.0 = Debug|Any CPU
		{ABECEC95-CE52-4171-BEC5-F77F4A81809B}.Release|Any CPU.ActiveCfg = Release|Any CPU
		{ABECEC95-CE52-4171-BEC5-F77F4A81809B}.Release|Any CPU.Build.0 = Release|Any CPU
		{ABECEC95-CE52-4171-BEC5-F77F4A81809B}.Release|x64.ActiveCfg = Release|Any CPU
		{ABECEC95-CE52-4171-BEC5-F77F4A81809B}.Release|x64.Build.0 = Release|Any CPU
		{ABECEC95-CE52-4171-BEC5-F77F4A81809B}.Release|x86.ActiveCfg = Release|Any CPU
		{ABECEC95-CE52-4171-BEC5-F77F4A81809B}.Release|x86.Build.0 = Release|Any CPU
		{2CBDA5EA-67B8-4FB9-B4E8-17B1D5A80A3A}.Debug|Any CPU.ActiveCfg = Debug|Any CPU
		{2CBDA5EA-67B8-4FB9-B4E8-17B1D5A80A3A}.Debug|Any CPU.Build.0 = Debug|Any CPU
		{2CBDA5EA-67B8-4FB9-B4E8-17B1D5A80A3A}.Debug|x64.ActiveCfg = Debug|Any CPU
		{2CBDA5EA-67B8-4FB9-B4E8-17B1D5A80A3A}.Debug|x64.Build.0 = Debug|Any CPU
		{2CBDA5EA-67B8-4FB9-B4E8-17B1D5A80A3A}.Debug|x86.ActiveCfg = Debug|Any CPU
		{2CBDA5EA-67B8-4FB9-B4E8-17B1D5A80A3A}.Debug|x86.Build.0 = Debug|Any CPU
		{2CBDA5EA-67B8-4FB9-B4E8-17B1D5A80A3A}.Release|Any CPU.ActiveCfg = Release|Any CPU
		{2CBDA5EA-67B8-4FB9-B4E8-17B1D5A80A3A}.Release|Any CPU.Build.0 = Release|Any CPU
		{2CBDA5EA-67B8-4FB9-B4E8-17B1D5A80A3A}.Release|x64.ActiveCfg = Release|Any CPU
		{2CBDA5EA-67B8-4FB9-B4E8-17B1D5A80A3A}.Release|x64.Build.0 = Release|Any CPU
		{2CBDA5EA-67B8-4FB9-B4E8-17B1D5A80A3A}.Release|x86.ActiveCfg = Release|Any CPU
		{2CBDA5EA-67B8-4FB9-B4E8-17B1D5A80A3A}.Release|x86.Build.0 = Release|Any CPU
		{D0FB684E-3D31-40C3-8511-893AAC52B3DD}.Debug|Any CPU.ActiveCfg = Debug|Any CPU
		{D0FB684E-3D31-40C3-8511-893AAC52B3DD}.Debug|Any CPU.Build.0 = Debug|Any CPU
		{D0FB684E-3D31-40C3-8511-893AAC52B3DD}.Debug|x64.ActiveCfg = Debug|Any CPU
		{D0FB684E-3D31-40C3-8511-893AAC52B3DD}.Debug|x64.Build.0 = Debug|Any CPU
		{D0FB684E-3D31-40C3-8511-893AAC52B3DD}.Debug|x86.ActiveCfg = Debug|Any CPU
		{D0FB684E-3D31-40C3-8511-893AAC52B3DD}.Debug|x86.Build.0 = Debug|Any CPU
		{D0FB684E-3D31-40C3-8511-893AAC52B3DD}.Release|Any CPU.ActiveCfg = Release|Any CPU
		{D0FB684E-3D31-40C3-8511-893AAC52B3DD}.Release|Any CPU.Build.0 = Release|Any CPU
		{D0FB684E-3D31-40C3-8511-893AAC52B3DD}.Release|x64.ActiveCfg = Release|Any CPU
		{D0FB684E-3D31-40C3-8511-893AAC52B3DD}.Release|x64.Build.0 = Release|Any CPU
		{D0FB684E-3D31-40C3-8511-893AAC52B3DD}.Release|x86.ActiveCfg = Release|Any CPU
		{D0FB684E-3D31-40C3-8511-893AAC52B3DD}.Release|x86.Build.0 = Release|Any CPU
	EndGlobalSection
EndGlobal
